# This file is automatically @generated by Cargo.
# It is not intended for manual editing.
version = 3

[[package]]
name = "recursion"
version = "0.5.2"
source = "registry+https://github.com/rust-lang/crates.io-index"
checksum = "9f705426858ccd7bbfe19798239d6b6bfd9bf96bde0624a84b92694046e98871"

[[package]]
name = "recursion-1"
version = "0.1.0"
dependencies = [
 "recursion",
]
